# This file was autogenerated by Stack.
# You should not edit this file by hand.
# For more information, please see the documentation at:
#   https://docs.haskellstack.org/en/stable/lock_files

packages:
- completed:
    hackage: simple-text-format-0.1@sha256:96b9c962258b538fa842088adfa97487883b16781c13347516b6cd0644c0cc59,1748
    pantry-tree:
      size: 414
      sha256: aff374980e891f480840e57369bcbe8f7aa9edd1f47261e3db8c5a8279f40284
  original:
    hackage: simple-text-format-0.1@sha256:96b9c962258b538fa842088adfa97487883b16781c13347516b6cd0644c0cc59,1748
snapshots:
- completed:
    size: 567037
    url: https://raw.githubusercontent.com/commercialhaskell/stackage-snapshots/master/lts/17/9.yaml
    sha256: d7d8d5106e53d1669964bd8bd2b0f88a5ad192d772f5376384b76738fd992311
  original:
    url: https://raw.githubusercontent.com/commercialhaskell/stackage-snapshots/master/lts/17/9.yaml
